
Microsoft Visual Studio Solution File, Format Version 12.00
# Visual Studio Version 16
VisualStudioVersion = 16.0.30114.105
MinimumVisualStudioVersion = 10.0.40219.1
Project("{FAE04EC0-301F-11D3-BF4B-00C04F79EFBC}") = "SampleCodeLibrary", "SampleCodeLibrary.csproj", "{292B8C21-4EB7-4EBA-964E-7034E94EA452}"
EndProject
Global
	GlobalSection(SolutionConfigurationPlatforms) = preSolution
		Debug|Any CPU = Debug|Any CPU
		Release|Any CPU = Release|Any CPU
	EndGlobalSection
	GlobalSection(ProjectConfigurationPlatforms) = postSolution
		{292B8C21-4EB7-4EBA-964E-7034E94EA452}.Debug|Any CPU.ActiveCfg = Debug|Any CPU
		{292B8C21-4EB7-4EBA-964E-7034E94EA452}.Debug|Any CPU.Build.0 = Debug|Any CPU
		{292B8C21-4EB7-4EBA-964E-7034E94EA452}.Release|Any CPU.ActiveCfg = Release|Any CPU
		{292B8C21-4EB7-4EBA-964E-7034E94EA452}.Release|Any CPU.Build.0 = Release|Any CPU
	EndGlobalSection
	GlobalSection(SolutionProperties) = preSolution
		HideSolutionNode = FALSE
	EndGlobalSection
	GlobalSection(ExtensibilityGlobals) = postSolution
		SolutionGuid = {99BF138A-00E4-4627-83CD-A01068D25375}
	EndGlobalSection
EndGlobal
